
Microsoft Visual Studio Solution File, Format Version 12.00
# Visual Studio Version 17
VisualStudioVersion = 17.0.31903.59
MinimumVisualStudioVersion = 10.0.40219.1
Project("{2150E333-8FDC-42A3-9474-1A3956D46DE8}") = "Services", "Services", "{5854FF58-B8C5-05C6-5BF2-ACE42193F22B}"
EndProject
Project("{2150E333-8FDC-42A3-9474-1A3956D46DE8}") = "Identity", "Identity", "{357A7C97-5AE1-023F-1442-0D9F9AF22A31}"
EndProject
Project("{FAE04EC0-301F-11D3-BF4B-00C04F79EFBC}") = "Identity.Domain", "Services\Identity\Identity.Domain\Identity.Domain.csproj", "{5EC2AC4C-ECA9-4BE1-AA0A-E0A6C6C08C7F}"
EndProject
Project("{2150E333-8FDC-42A3-9474-1A3956D46DE8}") = "Identity.Domain.Tests", "Identity.Domain.Tests", "{79A34B0C-F5F9-671A-3B17-58F32F299050}"
EndProject
Project("{FAE04EC0-301F-11D3-BF4B-00C04F79EFBC}") = "Identity.Domain.Tests", "Services\Identity\Identity.Domain.Tests\Identity.Domain.Tests.csproj", "{FDA1C62E-8A34-47CC-878D-C31B709B513E}"
EndProject
Project("{FAE04EC0-301F-11D3-BF4B-00C04F79EFBC}") = "Identity.Application", "Services\Identity\Identity.Application\Identity.Application.csproj", "{ECDAEA50-40E9-42F0-A52E-D70B13E7A9DE}"
EndProject
Project("{FAE04EC0-301F-11D3-BF4B-00C04F79EFBC}") = "Identity.Application.Tests", "Services\Identity\Identity.Application.Tests\Identity.Application.Tests.csproj", "{14438C5D-9B12-4166-8C9B-FB545572DA2A}"
EndProject
Project("{FAE04EC0-301F-11D3-BF4B-00C04F79EFBC}") = "Identity.Infrastructure", "Services\Identity\Identity.Infrastructure\Identity.Infrastructure.csproj", "{6F0E89C7-297A-4179-9A67-5D1FE39A9476}"
EndProject
Project("{FAE04EC0-301F-11D3-BF4B-00C04F79EFBC}") = "Identity.Infrastructure.Tests", "Services\Identity\Identity.Infrastructure.Tests\Identity.Infrastructure.Tests.csproj", "{17759A11-312B-4428-97A6-14052D15670E}"
EndProject
Project("{2150E333-8FDC-42A3-9474-1A3956D46DE8}") = "Identity.Api", "Identity.Api", "{73958C2D-130C-48F7-98FB-5187BB02F617}"
EndProject
Project("{FAE04EC0-301F-11D3-BF4B-00C04F79EFBC}") = "Identity.API", "Services\Identity\Identity.Api\Identity.API.csproj", "{F4940312-B523-49C4-974D-F9B0689F527B}"
EndProject
Project("{2150E333-8FDC-42A3-9474-1A3956D46DE8}") = "Identity.Api.Tests", "Identity.Api.Tests", "{75153897-A810-2B77-3CEF-BCB5E406CBD5}"
EndProject
Project("{FAE04EC0-301F-11D3-BF4B-00C04F79EFBC}") = "Identity.API.Tests", "Services\Identity\Identity.Api.Tests\Identity.API.Tests.csproj", "{62334CF1-2D2A-483E-82AC-E63113F612A4}"
EndProject
Global
	GlobalSection(SolutionConfigurationPlatforms) = preSolution
		Debug|Any CPU = Debug|Any CPU
		Debug|x64 = Debug|x64
		Debug|x86 = Debug|x86
		Release|Any CPU = Release|Any CPU
		Release|x64 = Release|x64
		Release|x86 = Release|x86
	EndGlobalSection
	GlobalSection(ProjectConfigurationPlatforms) = postSolution
		{5EC2AC4C-ECA9-4BE1-AA0A-E0A6C6C08C7F}.Debug|Any CPU.ActiveCfg = Debug|Any CPU
		{5EC2AC4C-ECA9-4BE1-AA0A-E0A6C6C08C7F}.Debug|Any CPU.Build.0 = Debug|Any CPU
		{5EC2AC4C-ECA9-4BE1-AA0A-E0A6C6C08C7F}.Debug|x64.ActiveCfg = Debug|Any CPU
		{5EC2AC4C-ECA9-4BE1-AA0A-E0A6C6C08C7F}.Debug|x64.Build.0 = Debug|Any CPU
		{5EC2AC4C-ECA9-4BE1-AA0A-E0A6C6C08C7F}.Debug|x86.ActiveCfg = Debug|Any CPU
		{5EC2AC4C-ECA9-4BE1-AA0A-E0A6C6C08C7F}.Debug|x86.Build.0 = Debug|Any CPU
		{5EC2AC4C-ECA9-4BE1-AA0A-E0A6C6C08C7F}.Release|Any CPU.ActiveCfg = Release|Any CPU
		{5EC2AC4C-ECA9-4BE1-AA0A-E0A6C6C08C7F}.Release|Any CPU.Build.0 = Release|Any CPU
		{5EC2AC4C-ECA9-4BE1-AA0A-E0A6C6C08C7F}.Release|x64.ActiveCfg = Release|Any CPU
		{5EC2AC4C-ECA9-4BE1-AA0A-E0A6C6C08C7F}.Release|x64.Build.0 = Release|Any CPU
		{5EC2AC4C-ECA9-4BE1-AA0A-E0A6C6C08C7F}.Release|x86.ActiveCfg = Release|Any CPU
		{5EC2AC4C-ECA9-4BE1-AA0A-E0A6C6C08C7F}.Release|x86.Build.0 = Release|Any CPU
		{FDA1C62E-8A34-47CC-878D-C31B709B513E}.Debug|Any CPU.ActiveCfg = Debug|Any CPU
		{FDA1C62E-8A34-47CC-878D-C31B709B513E}.Debug|Any CPU.Build.0 = Debug|Any CPU
		{FDA1C62E-8A34-47CC-878D-C31B709B513E}.Debug|x64.ActiveCfg = Debug|Any CPU
		{FDA1C62E-8A34-47CC-878D-C31B709B513E}.Debug|x64.Build.0 = Debug|Any CPU
		{FDA1C62E-8A34-47CC-878D-C31B709B513E}.Debug|x86.ActiveCfg = Debug|Any CPU
		{FDA1C62E-8A34-47CC-878D-C31B709B513E}.Debug|x86.Build.0 = Debug|Any CPU
		{FDA1C62E-8A34-47CC-878D-C31B709B513E}.Release|Any CPU.ActiveCfg = Release|Any CPU
		{FDA1C62E-8A34-47CC-878D-C31B709B513E}.Release|Any CPU.Build.0 = Release|Any CPU
		{FDA1C62E-8A34-47CC-878D-C31B709B513E}.Release|x64.ActiveCfg = Release|Any CPU
		{FDA1C62E-8A34-47CC-878D-C31B709B513E}.Release|x64.Build.0 = Release|Any CPU
		{FDA1C62E-8A34-47CC-878D-C31B709B513E}.Release|x86.ActiveCfg = Release|Any CPU
		{FDA1C62E-8A34-47CC-878D-C31B709B513E}.Release|x86.Build.0 = Release|Any CPU
		{ECDAEA50-40E9-42F0-A52E-D70B13E7A9DE}.Debug|Any CPU.ActiveCfg = Debug|Any CPU
		{ECDAEA50-40E9-42F0-A52E-D70B13E7A9DE}.Debug|Any CPU.Build.0 = Debug|Any CPU
		{ECDAEA50-40E9-42F0-A52E-D70B13E7A9DE}.Debug|x64.ActiveCfg = Debug|Any CPU
		{ECDAEA50-40E9-42F0-A52E-D70B13E7A9DE}.Debug|x64.Build.0 = Debug|Any CPU
		{ECDAEA50-40E9-42F0-A52E-D70B13E7A9DE}.Debug|x86.ActiveCfg = Debug|Any CPU
		{ECDAEA50-40E9-42F0-A52E-D70B13E7A9DE}.Debug|x86.Build.0 = Debug|Any CPU
		{ECDAEA50-40E9-42F0-A52E-D70B13E7A9DE}.Release|Any CPU.ActiveCfg = Release|Any CPU
		{ECDAEA50-40E9-42F0-A52E-D70B13E7A9DE}.Release|Any CPU.Build.0 = Release|Any CPU
		{ECDAEA50-40E9-42F0-A52E-D70B13E7A9DE}.Release|x64.ActiveCfg = Release|Any CPU
		{ECDAEA50-40E9-42F0-A52E-D70B13E7A9DE}.Release|x64.Build.0 = Release|Any CPU
		{ECDAEA50-40E9-42F0-A52E-D70B13E7A9DE}.Release|x86.ActiveCfg = Release|Any CPU
		{ECDAEA50-40E9-42F0-A52E-D70B13E7A9DE}.Release|x86.Build.0 = Release|Any CPU
		{14438C5D-9B12-4166-8C9B-FB545572DA2A}.Debug|Any CPU.ActiveCfg = Debug|Any CPU
		{14438C5D-9B12-4166-8C9B-FB545572DA2A}.Debug|Any CPU.Build.0 = Debug|Any CPU
		{14438C5D-9B12-4166-8C9B-FB545572DA2A}.Debug|x64.ActiveCfg = Debug|Any CPU
		{14438C5D-9B12-4166-8C9B-FB545572DA2A}.Debug|x64.Build.0 = Debug|Any CPU
		{14438C5D-9B12-4166-8C9B-FB545572DA2A}.Debug|x86.ActiveCfg = Debug|Any CPU
		{14438C5D-9B12-4166-8C9B-FB545572DA2A}.Debug|x86.Build.0 = Debug|Any CPU
		{14438C5D-9B12-4166-8C9B-FB545572DA2A}.Release|Any CPU.ActiveCfg = Release|Any CPU
		{14438C5D-9B12-4166-8C9B-FB545572DA2A}.Release|Any CPU.Build.0 = Release|Any CPU
		{14438C5D-9B12-4166-8C9B-FB545572DA2A}.Release|x64.ActiveCfg = Release|Any CPU
		{14438C5D-9B12-4166-8C9B-FB545572DA2A}.Release|x64.Build.0 = Release|Any CPU
		{14438C5D-9B12-4166-8C9B-FB545572DA2A}.Release|x86.ActiveCfg = Release|Any CPU
		{14438C5D-9B12-4166-8C9B-FB545572DA2A}.Release|x86.Build.0 = Release|Any CPU
		{6F0E89C7-297A-4179-9A67-5D1FE39A9476}.Debug|Any CPU.ActiveCfg = Debug|Any CPU
		{6F0E89C7-297A-4179-9A67-5D1FE39A9476}.Debug|Any CPU.Build.0 = Debug|Any CPU
		{6F0E89C7-297A-4179-9A67-5D1FE39A9476}.Debug|x64.ActiveCfg = Debug|Any CPU
		{6F0E89C7-297A-4179-9A67-5D1FE39A9476}.Debug|x64.Build.0 = Debug|Any CPU
		{6F0E89C7-297A-4179-9A67-5D1FE39A9476}.Debug|x86.ActiveCfg = Debug|Any CPU
		{6F0E89C7-297A-4179-9A67-5D1FE39A9476}.Debug|x86.Build.0 = Debug|Any CPU
		{6F0E89C7-297A-4179-9A67-5D1FE39A9476}.Release|Any CPU.ActiveCfg = Release|Any CPU
		{6F0E89C7-297A-4179-9A67-5D1FE39A9476}.Release|Any CPU.Build.0 = Release|Any CPU
		{6F0E89C7-297A-4179-9A67-5D1FE39A9476}.Release|x64.ActiveCfg = Release|Any CPU
		{6F0E89C7-297A-4179-9A67-5D1FE39A9476}.Release|x64.Build.0 = Release|Any CPU
		{6F0E89C7-297A-4179-9A67-5D1FE39A9476}.Release|x86.ActiveCfg = Release|Any CPU
		{6F0E89C7-297A-4179-9A67-5D1FE39A9476}.Release|x86.Build.0 = Release|Any CPU
		{17759A11-312B-4428-97A6-14052D15670E}.Debug|Any CPU.ActiveCfg = Debug|Any CPU
		{17759A11-312B-4428-97A6-14052D15670E}.Debug|Any CPU.Build.0 = Debug|Any CPU
		{17759A11-312B-4428-97A6-14052D15670E}.Debug|x64.ActiveCfg = Debug|Any CPU
		{17759A11-312B-4428-97A6-14052D15670E}.Debug|x64.Build.0 = Debug|Any CPU
		{17759A11-312B-4428-97A6-14052D15670E}.Debug|x86.ActiveCfg = Debug|Any CPU
		{17759A11-312B-4428-97A6-14052D15670E}.Debug|x86.Build.0 = Debug|Any CPU
		{17759A11-312B-4428-97A6-14052D15670E}.Release|Any CPU.ActiveCfg = Release|Any CPU
		{17759A11-312B-4428-97A6-14052D15670E}.Release|Any CPU.Build.0 = Release|Any CPU
		{17759A11-312B-4428-97A6-14052D15670E}.Release|x64.ActiveCfg = Release|Any CPU
		{17759A11-312B-4428-97A6-14052D15670E}.Release|x64.Build.0 = Release|Any CPU
		{17759A11-312B-4428-97A6-14052D15670E}.Release|x86.ActiveCfg = Release|Any CPU
		{17759A11-312B-4428-97A6-14052D15670E}.Release|x86.Build.0 = Release|Any CPU
		{F4940312-B523-49C4-974D-F9B0689F527B}.Debug|Any CPU.ActiveCfg = Debug|Any CPU
		{F4940312-B523-49C4-974D-F9B0689F527B}.Debug|Any CPU.Build.0 = Debug|Any CPU
		{F4940312-B523-49C4-974D-F9B0689F527B}.Debug|x64.ActiveCfg = Debug|Any CPU
		{F4940312-B523-49C4-974D-F9B0689F527B}.Debug|x64.Build.0 = Debug|Any CPU
		{F4940312-B523-49C4-974D-F9B0689F527B}.Debug|x86.ActiveCfg = Debug|Any CPU
		{F4940312-B523-49C4-974D-F9B0689F527B}.Debug|x86.Build.0 = Debug|Any CPU
		{F4940312-B523-49C4-974D-F9B0689F527B}.Release|Any CPU.ActiveCfg = Release|Any CPU
		{F4940312-B523-49C4-974D-F9B0689F527B}.Release|Any CPU.Build.0 = Release|Any CPU
		{F4940312-B523-49C4-974D-F9B0689F527B}.Release|x64.ActiveCfg = Release|Any CPU
		{F4940312-B523-49C4-974D-F9B0689F527B}.Release|x64.Build.0 = Release|Any CPU
		{F4940312-B523-49C4-974D-F9B0689F527B}.Release|x86.ActiveCfg = Release|Any CPU
		{F4940312-B523-49C4-974D-F9B0689F527B}.Release|x86.Build.0 = Release|Any CPU
		{62334CF1-2D2A-483E-82AC-E63113F612A4}.Debug|Any CPU.ActiveCfg = Debug|Any CPU
		{62334CF1-2D2A-483E-82AC-E63113F612A4}.Debug|Any CPU.Build.0 = Debug|Any CPU
		{62334CF1-2D2A-483E-82AC-E63113F612A4}.Debug|x64.ActiveCfg = Debug|Any CPU
		{62334CF1-2D2A-483E-82AC-E63113F612A4}.Debug|x64.Build.0 = Debug|Any CPU
		{62334CF1-2D2A-483E-82AC-E63113F612A4}.Debug|x86.ActiveCfg = Debug|Any CPU
		{62334CF1-2D2A-483E-82AC-E63113F612A4}.Debug|x86.Build.0 = Debug|Any CPU
		{62334CF1-2D2A-483E-82AC-E63113F612A4}.Release|Any CPU.ActiveCfg = Release|Any CPU
		{62334CF1-2D2A-483E-82AC-E63113F612A4}.Release|Any CPU.Build.0 = Release|Any CPU
		{62334CF1-2D2A-483E-82AC-E63113F612A4}.Release|x64.ActiveCfg = Release|Any CPU
		{62334CF1-2D2A-483E-82AC-E63113F612A4}.Release|x64.Build.0 = Release|Any CPU
		{62334CF1-2D2A-483E-82AC-E63113F612A4}.Release|x86.ActiveCfg = Release|Any CPU
		{62334CF1-2D2A-483E-82AC-E63113F612A4}.Release|x86.Build.0 = Release|Any CPU
	EndGlobalSection
	GlobalSection(SolutionProperties) = preSolution
		HideSolutionNode = FALSE
	EndGlobalSection
	GlobalSection(NestedProjects) = preSolution
		{357A7C97-5AE1-023F-1442-0D9F9AF22A31} = {5854FF58-B8C5-05C6-5BF2-ACE42193F22B}
		{5EC2AC4C-ECA9-4BE1-AA0A-E0A6C6C08C7F} = {357A7C97-5AE1-023F-1442-0D9F9AF22A31}
		{79A34B0C-F5F9-671A-3B17-58F32F299050} = {357A7C97-5AE1-023F-1442-0D9F9AF22A31}
		{FDA1C62E-8A34-47CC-878D-C31B709B513E} = {79A34B0C-F5F9-671A-3B17-58F32F299050}
		{ECDAEA50-40E9-42F0-A52E-D70B13E7A9DE} = {357A7C97-5AE1-023F-1442-0D9F9AF22A31}
		{14438C5D-9B12-4166-8C9B-FB545572DA2A} = {357A7C97-5AE1-023F-1442-0D9F9AF22A31}
		{6F0E89C7-297A-4179-9A67-5D1FE39A9476} = {357A7C97-5AE1-023F-1442-0D9F9AF22A31}
		{17759A11-312B-4428-97A6-14052D15670E} = {357A7C97-5AE1-023F-1442-0D9F9AF22A31}
		{73958C2D-130C-48F7-98FB-5187BB02F617} = {357A7C97-5AE1-023F-1442-0D9F9AF22A31}
		{F4940312-B523-49C4-974D-F9B0689F527B} = {73958C2D-130C-48F7-98FB-5187BB02F617}
		{75153897-A810-2B77-3CEF-BCB5E406CBD5} = {357A7C97-5AE1-023F-1442-0D9F9AF22A31}
		{62334CF1-2D2A-483E-82AC-E63113F612A4} = {75153897-A810-2B77-3CEF-BCB5E406CBD5}
	EndGlobalSection
EndGlobal
