
Microsoft Visual Studio Solution File, Format Version 12.00
# Visual Studio Version 17
VisualStudioVersion = 17.0.31903.59
MinimumVisualStudioVersion = 10.0.40219.1
Project("{2150E333-8FDC-42A3-9474-1A3956D46DE8}") = "Services", "Services", "{5854FF58-B8C5-05C6-5BF2-ACE42193F22B}"
EndProject
Project("{2150E333-8FDC-42A3-9474-1A3956D46DE8}") = "Identity", "Identity", "{357A7C97-5AE1-023F-1442-0D9F9AF22A31}"
EndProject
Project("{FAE04EC0-301F-11D3-BF4B-00C04F79EFBC}") = "Identity.Domain", "Services\Identity\Identity.Domain\Identity.Domain.csproj", "{5EC2AC4C-ECA9-4BE1-AA0A-E0A6C6C08C7F}"
EndProject
Project("{2150E333-8FDC-42A3-9474-1A3956D46DE8}") = "Identity.Domain.Tests", "Identity.Domain.Tests", "{79A34B0C-F5F9-671A-3B17-58F32F299050}"
EndProject
Project("{FAE04EC0-301F-11D3-BF4B-00C04F79EFBC}") = "Identity.Domain.Tests", "Services\Identity\Identity.Domain.Tests\Identity.Domain.Tests.csproj", "{FDA1C62E-8A34-47CC-878D-C31B709B513E}"
EndProject
Project("{FAE04EC0-301F-11D3-BF4B-00C04F79EFBC}") = "Identity.Application", "Services\Identity\Identity.Application\Identity.Application.csproj", "{ECDAEA50-40E9-42F0-A52E-D70B13E7A9DE}"
EndProject
Project("{FAE04EC0-301F-11D3-BF4B-00C04F79EFBC}") = "Identity.Application.Tests", "Services\Identity\Identity.Application.Tests\Identity.Application.Tests.csproj", "{14438C5D-9B12-4166-8C9B-FB545572DA2A}"
EndProject
Project("{FAE04EC0-301F-11D3-BF4B-00C04F79EFBC}") = "Identity.Infrastructure", "Services\Identity\Identity.Infrastructure\Identity.Infrastructure.csproj", "{6F0E89C7-297A-4179-9A67-5D1FE39A9476}"
EndProject
Project("{FAE04EC0-301F-11D3-BF4B-00C04F79EFBC}") = "Identity.Infrastructure.Tests", "Services\Identity\Identity.Infrastructure.Tests\Identity.Infrastructure.Tests.csproj", "{17759A11-312B-4428-97A6-14052D15670E}"
EndProject
Project("{2150E333-8FDC-42A3-9474-1A3956D46DE8}") = "Identity.Api", "Identity.Api", "{73958C2D-130C-48F7-98FB-5187BB02F617}"
EndProject
Project("{FAE04EC0-301F-11D3-BF4B-00C04F79EFBC}") = "Identity.API", "Services\Identity\Identity.Api\Identity.API.csproj", "{F4940312-B523-49C4-974D-F9B0689F527B}"
EndProject
Project("{2150E333-8FDC-42A3-9474-1A3956D46DE8}") = "Identity.Api.Tests", "Identity.Api.Tests", "{75153897-A810-2B77-3CEF-BCB5E406CBD5}"
EndProject
Project("{FAE04EC0-301F-11D3-BF4B-00C04F79EFBC}") = "Identity.API.Tests", "Services\Identity\Identity.Api.Tests\Identity.API.Tests.csproj", "{62334CF1-2D2A-483E-82AC-E63113F612A4}"
EndProject
Project("{2150E333-8FDC-42A3-9474-1A3956D46DE8}") = "Product", "Product", "{BD78679A-2E46-0E88-477E-F8F01F3AD4BC}"
EndProject
Project("{FAE04EC0-301F-11D3-BF4B-00C04F79EFBC}") = "Product.Domain", "Services\Product\Product.Domain\Product.Domain.csproj", "{6068645A-B711-48E7-BA65-DE2F333F2BE5}"
EndProject
Project("{FAE04EC0-301F-11D3-BF4B-00C04F79EFBC}") = "Product.Domain.Tests", "Services\Product\Product.Domain.Tests\Product.Domain.Tests.csproj", "{F6F1397B-12C6-4065-85CD-F6ED1983EF6C}"
EndProject
Project("{FAE04EC0-301F-11D3-BF4B-00C04F79EFBC}") = "Product.Application", "Services\Product\Product.Application\Product.Application.csproj", "{32A7DF97-6573-4965-8A62-47E66EA88186}"
EndProject
Project("{FAE04EC0-301F-11D3-BF4B-00C04F79EFBC}") = "Product.Application.Tests", "Services\Product\Product.Application.Tests\Product.Application.Tests.csproj", "{F965A2F7-99D4-4C91-9D90-2A07D41FA5A9}"
EndProject
Project("{FAE04EC0-301F-11D3-BF4B-00C04F79EFBC}") = "Product.Infrastructure", "Services\Product\Product.Infrastructure\Product.Infrastructure.csproj", "{9C7311C7-12E9-45DE-99F8-FBE041D9E735}"
EndProject
Project("{FAE04EC0-301F-11D3-BF4B-00C04F79EFBC}") = "Product.Infrastructure.Tests", "Services\Product\Product.Infrastructure.Tests\Product.Infrastructure.Tests.csproj", "{4C28537F-5A6F-43D6-96E4-2048CCD5CD55}"
EndProject
Project("{FAE04EC0-301F-11D3-BF4B-00C04F79EFBC}") = "Product.API", "Services\Product\Product.Api\Product.API.csproj", "{F2605C8F-9D23-47FB-B346-66675AD96792}"
EndProject
Project("{FAE04EC0-301F-11D3-BF4B-00C04F79EFBC}") = "Product.API.Tests", "Services\Product\Product.Api.Tests\Product.API.Tests.csproj", "{E059B923-81DE-498D-A432-D3D39A24CF6B}"
EndProject
Project("{2150E333-8FDC-42A3-9474-1A3956D46DE8}") = "Shared", "Shared", "{4F52FD11-658E-A102-6CD3-7D7C16FFA15B}"
EndProject
Project("{FAE04EC0-301F-11D3-BF4B-00C04F79EFBC}") = "ShopFlow.Shared", "Shared\ShopFlow.Shared\ShopFlow.Shared.csproj", "{9D787A56-6EE6-4D1B-9479-8891E71A2C0D}"
EndProject
Project("{2150E333-8FDC-42A3-9474-1A3956D46DE8}") = "Cart", "Cart", "{24133F39-2707-69F9-B8E9-E10A53ECC5E5}"
EndProject
Project("{FAE04EC0-301F-11D3-BF4B-00C04F79EFBC}") = "Cart.Domain", "Services\Cart\Cart.Domain\Cart.Domain.csproj", "{05819106-DCC7-4F32-92D6-C5912D27E04A}"
EndProject
Project("{FAE04EC0-301F-11D3-BF4B-00C04F79EFBC}") = "Cart.Domain.Tests", "Services\Cart\Cart.Domain.Tests\Cart.Domain.Tests.csproj", "{EF614E4F-C358-4B40-A30E-524970412B76}"
EndProject
Project("{FAE04EC0-301F-11D3-BF4B-00C04F79EFBC}") = "Cart.Application", "Services\Cart\Cart.Application\Cart.Application.csproj", "{7618FEF7-6649-4FA0-B2F4-61B04C16A5DA}"
EndProject
Project("{FAE04EC0-301F-11D3-BF4B-00C04F79EFBC}") = "Cart.Application.Tests", "Services\Cart\Cart.Application.Tests\Cart.Application.Tests.csproj", "{2E12A619-6C5A-4787-8ED3-046D445743FD}"
EndProject
Project("{FAE04EC0-301F-11D3-BF4B-00C04F79EFBC}") = "Cart.Infrastructure", "Services\Cart\Cart.Infrastructure\Cart.Infrastructure.csproj", "{B4511634-8007-46C0-BBFD-16AA079972F3}"
EndProject
Project("{FAE04EC0-301F-11D3-BF4B-00C04F79EFBC}") = "Cart.Infrastructure.Tests", "Services\Cart\Cart.Infrastructure.Tests\Cart.Infrastructure.Tests.csproj", "{7326643B-4BD4-499A-83AD-A725F0BA3EB0}"
EndProject
Project("{FAE04EC0-301F-11D3-BF4B-00C04F79EFBC}") = "Cart.API", "Services\Cart\Cart.Api\Cart.API.csproj", "{5B1FAD42-0DD0-4B11-9E47-28CE9FA89C6F}"
EndProject
Project("{FAE04EC0-301F-11D3-BF4B-00C04F79EFBC}") = "Cart.API.Tests", "Services\Cart\Cart.Api.Tests\Cart.API.Tests.csproj", "{17364776-6A89-42B7-A9A7-A64CA873B271}"
EndProject
Project("{2150E333-8FDC-42A3-9474-1A3956D46DE8}") = "Order", "Order", "{EA4397C4-3756-E86B-71D8-301E6CD2193E}"
EndProject
Project("{FAE04EC0-301F-11D3-BF4B-00C04F79EFBC}") = "Order.Domain", "Services\Order\Order.Domain\Order.Domain.csproj", "{ACE17DF5-4DE1-4B88-953C-E0CBF6655495}"
EndProject
Project("{FAE04EC0-301F-11D3-BF4B-00C04F79EFBC}") = "Order.Domain.Tests", "Services\Order\Order.Domain.Tests\Order.Domain.Tests.csproj", "{034FCCD6-E782-4137-B087-A6F6FADF629B}"
EndProject
Project("{FAE04EC0-301F-11D3-BF4B-00C04F79EFBC}") = "Order.Application", "Services\Order\Order.Application\Order.Application.csproj", "{A051F9A5-22F5-401D-841C-3CFEB07CDE50}"
EndProject
Project("{FAE04EC0-301F-11D3-BF4B-00C04F79EFBC}") = "Order.Application.Tests", "Services\Order\Order.Application.Tests\Order.Application.Tests.csproj", "{4BD83C52-07E9-4841-9C12-80CDD85B32D6}"
EndProject
Project("{FAE04EC0-301F-11D3-BF4B-00C04F79EFBC}") = "Order.Infrastructure", "Services\Order\Order.Infrastructure\Order.Infrastructure.csproj", "{AD81CAF2-E2B5-4DF9-A645-E55147384981}"
EndProject
Project("{FAE04EC0-301F-11D3-BF4B-00C04F79EFBC}") = "Order.Infrastructure.Tests", "Services\Order\Order.Infrastructure.Tests\Order.Infrastructure.Tests.csproj", "{68C4EAA8-3529-4236-8F28-4F9B39BD3C3C}"
EndProject
Project("{FAE04EC0-301F-11D3-BF4B-00C04F79EFBC}") = "Order.API", "Services\Order\Order.Api\Order.API.csproj", "{D51607B1-4B65-42C6-BED3-234488422699}"
EndProject
Project("{FAE04EC0-301F-11D3-BF4B-00C04F79EFBC}") = "Order.API.Tests", "Services\Order\Order.Api.Tests\Order.API.Tests.csproj", "{14A9B719-8271-4F7D-9268-ACB44752257C}"
EndProject
Project("{2150E333-8FDC-42A3-9474-1A3956D46DE8}") = "Notification", "Notification", "{AA9EE0C7-4E1A-44BC-243C-C4E356DC2F3C}"
EndProject
Project("{FAE04EC0-301F-11D3-BF4B-00C04F79EFBC}") = "Notification.Application", "Services\Notification\Notification.Application\Notification.Application.csproj", "{A2F6BABC-C8FE-4A13-8636-2508F12FC92B}"
EndProject
Project("{FAE04EC0-301F-11D3-BF4B-00C04F79EFBC}") = "Notification.Application.Tests", "Services\Notification\Notification.Application.Tests\Notification.Application.Tests.csproj", "{07A9EB58-227C-444C-8160-4DCAD5DF79BD}"
EndProject
Project("{FAE04EC0-301F-11D3-BF4B-00C04F79EFBC}") = "Notification.Infrastructure", "Services\Notification\Notification.Infrastructure\Notification.Infrastructure.csproj", "{C9FC4691-C205-4A12-8FEE-BF303090FDB2}"
EndProject
Project("{FAE04EC0-301F-11D3-BF4B-00C04F79EFBC}") = "Notification.Infrastructure.Tests", "Services\Notification\Notification.Infrastructure.Tests\Notification.Infrastructure.Tests.csproj", "{1F2982E6-77A1-42A5-8440-58FFF450B8BF}"
EndProject
Project("{FAE04EC0-301F-11D3-BF4B-00C04F79EFBC}") = "Notification.API", "Services\Notification\Notification.Api\Notification.API.csproj", "{524907DE-5C2F-4F0F-A40B-52EB9A2C1CFC}"
EndProject
Project("{2150E333-8FDC-42A3-9474-1A3956D46DE8}") = "Gateway", "Gateway", "{E7BDDBC6-9FD1-D1D7-ACD8-2C4F8E3D2461}"
EndProject
Project("{FAE04EC0-301F-11D3-BF4B-00C04F79EFBC}") = "Gateway.API", "Gateway\Gateway.Api\Gateway.API.csproj", "{E244D86D-2ACF-4FFB-895F-6FD05C3AB2B6}"
EndProject
Global
	GlobalSection(SolutionConfigurationPlatforms) = preSolution
		Debug|Any CPU = Debug|Any CPU
		Debug|x64 = Debug|x64
		Debug|x86 = Debug|x86
		Release|Any CPU = Release|Any CPU
		Release|x64 = Release|x64
		Release|x86 = Release|x86
	EndGlobalSection
	GlobalSection(ProjectConfigurationPlatforms) = postSolution
		{5EC2AC4C-ECA9-4BE1-AA0A-E0A6C6C08C7F}.Debug|Any CPU.ActiveCfg = Debug|Any CPU
		{5EC2AC4C-ECA9-4BE1-AA0A-E0A6C6C08C7F}.Debug|Any CPU.Build.0 = Debug|Any CPU
		{5EC2AC4C-ECA9-4BE1-AA0A-E0A6C6C08C7F}.Debug|x64.ActiveCfg = Debug|Any CPU
		{5EC2AC4C-ECA9-4BE1-AA0A-E0A6C6C08C7F}.Debug|x64.Build.0 = Debug|Any CPU
		{5EC2AC4C-ECA9-4BE1-AA0A-E0A6C6C08C7F}.Debug|x86.ActiveCfg = Debug|Any CPU
		{5EC2AC4C-ECA9-4BE1-AA0A-E0A6C6C08C7F}.Debug|x86.Build.0 = Debug|Any CPU
		{5EC2AC4C-ECA9-4BE1-AA0A-E0A6C6C08C7F}.Release|Any CPU.ActiveCfg = Release|Any CPU
		{5EC2AC4C-ECA9-4BE1-AA0A-E0A6C6C08C7F}.Release|Any CPU.Build.0 = Release|Any CPU
		{5EC2AC4C-ECA9-4BE1-AA0A-E0A6C6C08C7F}.Release|x64.ActiveCfg = Release|Any CPU
		{5EC2AC4C-ECA9-4BE1-AA0A-E0A6C6C08C7F}.Release|x64.Build.0 = Release|Any CPU
		{5EC2AC4C-ECA9-4BE1-AA0A-E0A6C6C08C7F}.Release|x86.ActiveCfg = Release|Any CPU
		{5EC2AC4C-ECA9-4BE1-AA0A-E0A6C6C08C7F}.Release|x86.Build.0 = Release|Any CPU
		{FDA1C62E-8A34-47CC-878D-C31B709B513E}.Debug|Any CPU.ActiveCfg = Debug|Any CPU
		{FDA1C62E-8A34-47CC-878D-C31B709B513E}.Debug|Any CPU.Build.0 = Debug|Any CPU
		{FDA1C62E-8A34-47CC-878D-C31B709B513E}.Debug|x64.ActiveCfg = Debug|Any CPU
		{FDA1C62E-8A34-47CC-878D-C31B709B513E}.Debug|x64.Build.0 = Debug|Any CPU
		{FDA1C62E-8A34-47CC-878D-C31B709B513E}.Debug|x86.ActiveCfg = Debug|Any CPU
		{FDA1C62E-8A34-47CC-878D-C31B709B513E}.Debug|x86.Build.0 = Debug|Any CPU
		{FDA1C62E-8A34-47CC-878D-C31B709B513E}.Release|Any CPU.ActiveCfg = Release|Any CPU
		{FDA1C62E-8A34-47CC-878D-C31B709B513E}.Release|Any CPU.Build.0 = Release|Any CPU
		{FDA1C62E-8A34-47CC-878D-C31B709B513E}.Release|x64.ActiveCfg = Release|Any CPU
		{FDA1C62E-8A34-47CC-878D-C31B709B513E}.Release|x64.Build.0 = Release|Any CPU
		{FDA1C62E-8A34-47CC-878D-C31B709B513E}.Release|x86.ActiveCfg = Release|Any CPU
		{FDA1C62E-8A34-47CC-878D-C31B709B513E}.Release|x86.Build.0 = Release|Any CPU
		{ECDAEA50-40E9-42F0-A52E-D70B13E7A9DE}.Debug|Any CPU.ActiveCfg = Debug|Any CPU
		{ECDAEA50-40E9-42F0-A52E-D70B13E7A9DE}.Debug|Any CPU.Build.0 = Debug|Any CPU
		{ECDAEA50-40E9-42F0-A52E-D70B13E7A9DE}.Debug|x64.ActiveCfg = Debug|Any CPU
		{ECDAEA50-40E9-42F0-A52E-D70B13E7A9DE}.Debug|x64.Build.0 = Debug|Any CPU
		{ECDAEA50-40E9-42F0-A52E-D70B13E7A9DE}.Debug|x86.ActiveCfg = Debug|Any CPU
		{ECDAEA50-40E9-42F0-A52E-D70B13E7A9DE}.Debug|x86.Build.0 = Debug|Any CPU
		{ECDAEA50-40E9-42F0-A52E-D70B13E7A9DE}.Release|Any CPU.ActiveCfg = Release|Any CPU
		{ECDAEA50-40E9-42F0-A52E-D70B13E7A9DE}.Release|Any CPU.Build.0 = Release|Any CPU
		{ECDAEA50-40E9-42F0-A52E-D70B13E7A9DE}.Release|x64.ActiveCfg = Release|Any CPU
		{ECDAEA50-40E9-42F0-A52E-D70B13E7A9DE}.Release|x64.Build.0 = Release|Any CPU
		{ECDAEA50-40E9-42F0-A52E-D70B13E7A9DE}.Release|x86.ActiveCfg = Release|Any CPU
		{ECDAEA50-40E9-42F0-A52E-D70B13E7A9DE}.Release|x86.Build.0 = Release|Any CPU
		{14438C5D-9B12-4166-8C9B-FB545572DA2A}.Debug|Any CPU.ActiveCfg = Debug|Any CPU
		{14438C5D-9B12-4166-8C9B-FB545572DA2A}.Debug|Any CPU.Build.0 = Debug|Any CPU
		{14438C5D-9B12-4166-8C9B-FB545572DA2A}.Debug|x64.ActiveCfg = Debug|Any CPU
		{14438C5D-9B12-4166-8C9B-FB545572DA2A}.Debug|x64.Build.0 = Debug|Any CPU
		{14438C5D-9B12-4166-8C9B-FB545572DA2A}.Debug|x86.ActiveCfg = Debug|Any CPU
		{14438C5D-9B12-4166-8C9B-FB545572DA2A}.Debug|x86.Build.0 = Debug|Any CPU
		{14438C5D-9B12-4166-8C9B-FB545572DA2A}.Release|Any CPU.ActiveCfg = Release|Any CPU
		{14438C5D-9B12-4166-8C9B-FB545572DA2A}.Release|Any CPU.Build.0 = Release|Any CPU
		{14438C5D-9B12-4166-8C9B-FB545572DA2A}.Release|x64.ActiveCfg = Release|Any CPU
		{14438C5D-9B12-4166-8C9B-FB545572DA2A}.Release|x64.Build.0 = Release|Any CPU
		{14438C5D-9B12-4166-8C9B-FB545572DA2A}.Release|x86.ActiveCfg = Release|Any CPU
		{14438C5D-9B12-4166-8C9B-FB545572DA2A}.Release|x86.Build.0 = Release|Any CPU
		{6F0E89C7-297A-4179-9A67-5D1FE39A9476}.Debug|Any CPU.ActiveCfg = Debug|Any CPU
		{6F0E89C7-297A-4179-9A67-5D1FE39A9476}.Debug|Any CPU.Build.0 = Debug|Any CPU
		{6F0E89C7-297A-4179-9A67-5D1FE39A9476}.Debug|x64.ActiveCfg = Debug|Any CPU
		{6F0E89C7-297A-4179-9A67-5D1FE39A9476}.Debug|x64.Build.0 = Debug|Any CPU
		{6F0E89C7-297A-4179-9A67-5D1FE39A9476}.Debug|x86.ActiveCfg = Debug|Any CPU
		{6F0E89C7-297A-4179-9A67-5D1FE39A9476}.Debug|x86.Build.0 = Debug|Any CPU
		{6F0E89C7-297A-4179-9A67-5D1FE39A9476}.Release|Any CPU.ActiveCfg = Release|Any CPU
		{6F0E89C7-297A-4179-9A67-5D1FE39A9476}.Release|Any CPU.Build.0 = Release|Any CPU
		{6F0E89C7-297A-4179-9A67-5D1FE39A9476}.Release|x64.ActiveCfg = Release|Any CPU
		{6F0E89C7-297A-4179-9A67-5D1FE39A9476}.Release|x64.Build.0 = Release|Any CPU
		{6F0E89C7-297A-4179-9A67-5D1FE39A9476}.Release|x86.ActiveCfg = Release|Any CPU
		{6F0E89C7-297A-4179-9A67-5D1FE39A9476}.Release|x86.Build.0 = Release|Any CPU
		{17759A11-312B-4428-97A6-14052D15670E}.Debug|Any CPU.ActiveCfg = Debug|Any CPU
		{17759A11-312B-4428-97A6-14052D15670E}.Debug|Any CPU.Build.0 = Debug|Any CPU
		{17759A11-312B-4428-97A6-14052D15670E}.Debug|x64.ActiveCfg = Debug|Any CPU
		{17759A11-312B-4428-97A6-14052D15670E}.Debug|x64.Build.0 = Debug|Any CPU
		{17759A11-312B-4428-97A6-14052D15670E}.Debug|x86.ActiveCfg = Debug|Any CPU
		{17759A11-312B-4428-97A6-14052D15670E}.Debug|x86.Build.0 = Debug|Any CPU
		{17759A11-312B-4428-97A6-14052D15670E}.Release|Any CPU.ActiveCfg = Release|Any CPU
		{17759A11-312B-4428-97A6-14052D15670E}.Release|Any CPU.Build.0 = Release|Any CPU
		{17759A11-312B-4428-97A6-14052D15670E}.Release|x64.ActiveCfg = Release|Any CPU
		{17759A11-312B-4428-97A6-14052D15670E}.Release|x64.Build.0 = Release|Any CPU
		{17759A11-312B-4428-97A6-14052D15670E}.Release|x86.ActiveCfg = Release|Any CPU
		{17759A11-312B-4428-97A6-14052D15670E}.Release|x86.Build.0 = Release|Any CPU
		{F4940312-B523-49C4-974D-F9B0689F527B}.Debug|Any CPU.ActiveCfg = Debug|Any CPU
		{F4940312-B523-49C4-974D-F9B0689F527B}.Debug|Any CPU.Build.0 = Debug|Any CPU
		{F4940312-B523-49C4-974D-F9B0689F527B}.Debug|x64.ActiveCfg = Debug|Any CPU
		{F4940312-B523-49C4-974D-F9B0689F527B}.Debug|x64.Build.0 = Debug|Any CPU
		{F4940312-B523-49C4-974D-F9B0689F527B}.Debug|x86.ActiveCfg = Debug|Any CPU
		{F4940312-B523-49C4-974D-F9B0689F527B}.Debug|x86.Build.0 = Debug|Any CPU
		{F4940312-B523-49C4-974D-F9B0689F527B}.Release|Any CPU.ActiveCfg = Release|Any CPU
		{F4940312-B523-49C4-974D-F9B0689F527B}.Release|Any CPU.Build.0 = Release|Any CPU
		{F4940312-B523-49C4-974D-F9B0689F527B}.Release|x64.ActiveCfg = Release|Any CPU
		{F4940312-B523-49C4-974D-F9B0689F527B}.Release|x64.Build.0 = Release|Any CPU
		{F4940312-B523-49C4-974D-F9B0689F527B}.Release|x86.ActiveCfg = Release|Any CPU
		{F4940312-B523-49C4-974D-F9B0689F527B}.Release|x86.Build.0 = Release|Any CPU
		{62334CF1-2D2A-483E-82AC-E63113F612A4}.Debug|Any CPU.ActiveCfg = Debug|Any CPU
		{62334CF1-2D2A-483E-82AC-E63113F612A4}.Debug|Any CPU.Build.0 = Debug|Any CPU
		{62334CF1-2D2A-483E-82AC-E63113F612A4}.Debug|x64.ActiveCfg = Debug|Any CPU
		{62334CF1-2D2A-483E-82AC-E63113F612A4}.Debug|x64.Build.0 = Debug|Any CPU
		{62334CF1-2D2A-483E-82AC-E63113F612A4}.Debug|x86.ActiveCfg = Debug|Any CPU
		{62334CF1-2D2A-483E-82AC-E63113F612A4}.Debug|x86.Build.0 = Debug|Any CPU
		{62334CF1-2D2A-483E-82AC-E63113F612A4}.Release|Any CPU.ActiveCfg = Release|Any CPU
		{62334CF1-2D2A-483E-82AC-E63113F612A4}.Release|Any CPU.Build.0 = Release|Any CPU
		{62334CF1-2D2A-483E-82AC-E63113F612A4}.Release|x64.ActiveCfg = Release|Any CPU
		{62334CF1-2D2A-483E-82AC-E63113F612A4}.Release|x64.Build.0 = Release|Any CPU
		{62334CF1-2D2A-483E-82AC-E63113F612A4}.Release|x86.ActiveCfg = Release|Any CPU
		{62334CF1-2D2A-483E-82AC-E63113F612A4}.Release|x86.Build.0 = Release|Any CPU
		{6068645A-B711-48E7-BA65-DE2F333F2BE5}.Debug|Any CPU.ActiveCfg = Debug|Any CPU
		{6068645A-B711-48E7-BA65-DE2F333F2BE5}.Debug|Any CPU.Build.0 = Debug|Any CPU
		{6068645A-B711-48E7-BA65-DE2F333F2BE5}.Debug|x64.ActiveCfg = Debug|Any CPU
		{6068645A-B711-48E7-BA65-DE2F333F2BE5}.Debug|x64.Build.0 = Debug|Any CPU
		{6068645A-B711-48E7-BA65-DE2F333F2BE5}.Debug|x86.ActiveCfg = Debug|Any CPU
		{6068645A-B711-48E7-BA65-DE2F333F2BE5}.Debug|x86.Build.0 = Debug|Any CPU
		{6068645A-B711-48E7-BA65-DE2F333F2BE5}.Release|Any CPU.ActiveCfg = Release|Any CPU
		{6068645A-B711-48E7-BA65-DE2F333F2BE5}.Release|Any CPU.Build.0 = Release|Any CPU
		{6068645A-B711-48E7-BA65-DE2F333F2BE5}.Release|x64.ActiveCfg = Release|Any CPU
		{6068645A-B711-48E7-BA65-DE2F333F2BE5}.Release|x64.Build.0 = Release|Any CPU
		{6068645A-B711-48E7-BA65-DE2F333F2BE5}.Release|x86.ActiveCfg = Release|Any CPU
		{6068645A-B711-48E7-BA65-DE2F333F2BE5}.Release|x86.Build.0 = Release|Any CPU
		{F6F1397B-12C6-4065-85CD-F6ED1983EF6C}.Debug|Any CPU.ActiveCfg = Debug|Any CPU
		{F6F1397B-12C6-4065-85CD-F6ED1983EF6C}.Debug|Any CPU.Build.0 = Debug|Any CPU
		{F6F1397B-12C6-4065-85CD-F6ED1983EF6C}.Debug|x64.ActiveCfg = Debug|Any CPU
		{F6F1397B-12C6-4065-85CD-F6ED1983EF6C}.Debug|x64.Build.0 = Debug|Any CPU
		{F6F1397B-12C6-4065-85CD-F6ED1983EF6C}.Debug|x86.ActiveCfg = Debug|Any CPU
		{F6F1397B-12C6-4065-85CD-F6ED1983EF6C}.Debug|x86.Build.0 = Debug|Any CPU
		{F6F1397B-12C6-4065-85CD-F6ED1983EF6C}.Release|Any CPU.ActiveCfg = Release|Any CPU
		{F6F1397B-12C6-4065-85CD-F6ED1983EF6C}.Release|Any CPU.Build.0 = Release|Any CPU
		{F6F1397B-12C6-4065-85CD-F6ED1983EF6C}.Release|x64.ActiveCfg = Release|Any CPU
		{F6F1397B-12C6-4065-85CD-F6ED1983EF6C}.Release|x64.Build.0 = Release|Any CPU
		{F6F1397B-12C6-4065-85CD-F6ED1983EF6C}.Release|x86.ActiveCfg = Release|Any CPU
		{F6F1397B-12C6-4065-85CD-F6ED1983EF6C}.Release|x86.Build.0 = Release|Any CPU
		{32A7DF97-6573-4965-8A62-47E66EA88186}.Debug|Any CPU.ActiveCfg = Debug|Any CPU
		{32A7DF97-6573-4965-8A62-47E66EA88186}.Debug|Any CPU.Build.0 = Debug|Any CPU
		{32A7DF97-6573-4965-8A62-47E66EA88186}.Debug|x64.ActiveCfg = Debug|Any CPU
		{32A7DF97-6573-4965-8A62-47E66EA88186}.Debug|x64.Build.0 = Debug|Any CPU
		{32A7DF97-6573-4965-8A62-47E66EA88186}.Debug|x86.ActiveCfg = Debug|Any CPU
		{32A7DF97-6573-4965-8A62-47E66EA88186}.Debug|x86.Build.0 = Debug|Any CPU
		{32A7DF97-6573-4965-8A62-47E66EA88186}.Release|Any CPU.ActiveCfg = Release|Any CPU
		{32A7DF97-6573-4965-8A62-47E66EA88186}.Release|Any CPU.Build.0 = Release|Any CPU
		{32A7DF97-6573-4965-8A62-47E66EA88186}.Release|x64.ActiveCfg = Release|Any CPU
		{32A7DF97-6573-4965-8A62-47E66EA88186}.Release|x64.Build.0 = Release|Any CPU
		{32A7DF97-6573-4965-8A62-47E66EA88186}.Release|x86.ActiveCfg = Release|Any CPU
		{32A7DF97-6573-4965-8A62-47E66EA88186}.Release|x86.Build.0 = Release|Any CPU
		{F965A2F7-99D4-4C91-9D90-2A07D41FA5A9}.Debug|Any CPU.ActiveCfg = Debug|Any CPU
		{F965A2F7-99D4-4C91-9D90-2A07D41FA5A9}.Debug|Any CPU.Build.0 = Debug|Any CPU
		{F965A2F7-99D4-4C91-9D90-2A07D41FA5A9}.Debug|x64.ActiveCfg = Debug|Any CPU
		{F965A2F7-99D4-4C91-9D90-2A07D41FA5A9}.Debug|x64.Build.0 = Debug|Any CPU
		{F965A2F7-99D4-4C91-9D90-2A07D41FA5A9}.Debug|x86.ActiveCfg = Debug|Any CPU
		{F965A2F7-99D4-4C91-9D90-2A07D41FA5A9}.Debug|x86.Build.0 = Debug|Any CPU
		{F965A2F7-99D4-4C91-9D90-2A07D41FA5A9}.Release|Any CPU.ActiveCfg = Release|Any CPU
		{F965A2F7-99D4-4C91-9D90-2A07D41FA5A9}.Release|Any CPU.Build.0 = Release|Any CPU
		{F965A2F7-99D4-4C91-9D90-2A07D41FA5A9}.Release|x64.ActiveCfg = Release|Any CPU
		{F965A2F7-99D4-4C91-9D90-2A07D41FA5A9}.Release|x64.Build.0 = Release|Any CPU
		{F965A2F7-99D4-4C91-9D90-2A07D41FA5A9}.Release|x86.ActiveCfg = Release|Any CPU
		{F965A2F7-99D4-4C91-9D90-2A07D41FA5A9}.Release|x86.Build.0 = Release|Any CPU
		{9C7311C7-12E9-45DE-99F8-FBE041D9E735}.Debug|Any CPU.ActiveCfg = Debug|Any CPU
		{9C7311C7-12E9-45DE-99F8-FBE041D9E735}.Debug|Any CPU.Build.0 = Debug|Any CPU
		{9C7311C7-12E9-45DE-99F8-FBE041D9E735}.Debug|x64.ActiveCfg = Debug|Any CPU
		{9C7311C7-12E9-45DE-99F8-FBE041D9E735}.Debug|x64.Build.0 = Debug|Any CPU
		{9C7311C7-12E9-45DE-99F8-FBE041D9E735}.Debug|x86.ActiveCfg = Debug|Any CPU
		{9C7311C7-12E9-45DE-99F8-FBE041D9E735}.Debug|x86.Build.0 = Debug|Any CPU
		{9C7311C7-12E9-45DE-99F8-FBE041D9E735}.Release|Any CPU.ActiveCfg = Release|Any CPU
		{9C7311C7-12E9-45DE-99F8-FBE041D9E735}.Release|Any CPU.Build.0 = Release|Any CPU
		{9C7311C7-12E9-45DE-99F8-FBE041D9E735}.Release|x64.ActiveCfg = Release|Any CPU
		{9C7311C7-12E9-45DE-99F8-FBE041D9E735}.Release|x64.Build.0 = Release|Any CPU
		{9C7311C7-12E9-45DE-99F8-FBE041D9E735}.Release|x86.ActiveCfg = Release|Any CPU
		{9C7311C7-12E9-45DE-99F8-FBE041D9E735}.Release|x86.Build.0 = Release|Any CPU
		{4C28537F-5A6F-43D6-96E4-2048CCD5CD55}.Debug|Any CPU.ActiveCfg = Debug|Any CPU
		{4C28537F-5A6F-43D6-96E4-2048CCD5CD55}.Debug|Any CPU.Build.0 = Debug|Any CPU
		{4C28537F-5A6F-43D6-96E4-2048CCD5CD55}.Debug|x64.ActiveCfg = Debug|Any CPU
		{4C28537F-5A6F-43D6-96E4-2048CCD5CD55}.Debug|x64.Build.0 = Debug|Any CPU
		{4C28537F-5A6F-43D6-96E4-2048CCD5CD55}.Debug|x86.ActiveCfg = Debug|Any CPU
		{4C28537F-5A6F-43D6-96E4-2048CCD5CD55}.Debug|x86.Build.0 = Debug|Any CPU
		{4C28537F-5A6F-43D6-96E4-2048CCD5CD55}.Release|Any CPU.ActiveCfg = Release|Any CPU
		{4C28537F-5A6F-43D6-96E4-2048CCD5CD55}.Release|Any CPU.Build.0 = Release|Any CPU
		{4C28537F-5A6F-43D6-96E4-2048CCD5CD55}.Release|x64.ActiveCfg = Release|Any CPU
		{4C28537F-5A6F-43D6-96E4-2048CCD5CD55}.Release|x64.Build.0 = Release|Any CPU
		{4C28537F-5A6F-43D6-96E4-2048CCD5CD55}.Release|x86.ActiveCfg = Release|Any CPU
		{4C28537F-5A6F-43D6-96E4-2048CCD5CD55}.Release|x86.Build.0 = Release|Any CPU
		{F2605C8F-9D23-47FB-B346-66675AD96792}.Debug|Any CPU.ActiveCfg = Debug|Any CPU
		{F2605C8F-9D23-47FB-B346-66675AD96792}.Debug|Any CPU.Build.0 = Debug|Any CPU
		{F2605C8F-9D23-47FB-B346-66675AD96792}.Debug|x64.ActiveCfg = Debug|Any CPU
		{F2605C8F-9D23-47FB-B346-66675AD96792}.Debug|x64.Build.0 = Debug|Any CPU
		{F2605C8F-9D23-47FB-B346-66675AD96792}.Debug|x86.ActiveCfg = Debug|Any CPU
		{F2605C8F-9D23-47FB-B346-66675AD96792}.Debug|x86.Build.0 = Debug|Any CPU
		{F2605C8F-9D23-47FB-B346-66675AD96792}.Release|Any CPU.ActiveCfg = Release|Any CPU
		{F2605C8F-9D23-47FB-B346-66675AD96792}.Release|Any CPU.Build.0 = Release|Any CPU
		{F2605C8F-9D23-47FB-B346-66675AD96792}.Release|x64.ActiveCfg = Release|Any CPU
		{F2605C8F-9D23-47FB-B346-66675AD96792}.Release|x64.Build.0 = Release|Any CPU
		{F2605C8F-9D23-47FB-B346-66675AD96792}.Release|x86.ActiveCfg = Release|Any CPU
		{F2605C8F-9D23-47FB-B346-66675AD96792}.Release|x86.Build.0 = Release|Any CPU
		{E059B923-81DE-498D-A432-D3D39A24CF6B}.Debug|Any CPU.ActiveCfg = Debug|Any CPU
		{E059B923-81DE-498D-A432-D3D39A24CF6B}.Debug|Any CPU.Build.0 = Debug|Any CPU
		{E059B923-81DE-498D-A432-D3D39A24CF6B}.Debug|x64.ActiveCfg = Debug|Any CPU
		{E059B923-81DE-498D-A432-D3D39A24CF6B}.Debug|x64.Build.0 = Debug|Any CPU
		{E059B923-81DE-498D-A432-D3D39A24CF6B}.Debug|x86.ActiveCfg = Debug|Any CPU
		{E059B923-81DE-498D-A432-D3D39A24CF6B}.Debug|x86.Build.0 = Debug|Any CPU
		{E059B923-81DE-498D-A432-D3D39A24CF6B}.Release|Any CPU.ActiveCfg = Release|Any CPU
		{E059B923-81DE-498D-A432-D3D39A24CF6B}.Release|Any CPU.Build.0 = Release|Any CPU
		{E059B923-81DE-498D-A432-D3D39A24CF6B}.Release|x64.ActiveCfg = Release|Any CPU
		{E059B923-81DE-498D-A432-D3D39A24CF6B}.Release|x64.Build.0 = Release|Any CPU
		{E059B923-81DE-498D-A432-D3D39A24CF6B}.Release|x86.ActiveCfg = Release|Any CPU
		{E059B923-81DE-498D-A432-D3D39A24CF6B}.Release|x86.Build.0 = Release|Any CPU
		{9D787A56-6EE6-4D1B-9479-8891E71A2C0D}.Debug|Any CPU.ActiveCfg = Debug|Any CPU
		{9D787A56-6EE6-4D1B-9479-8891E71A2C0D}.Debug|Any CPU.Build.0 = Debug|Any CPU
		{9D787A56-6EE6-4D1B-9479-8891E71A2C0D}.Debug|x64.ActiveCfg = Debug|Any CPU
		{9D787A56-6EE6-4D1B-9479-8891E71A2C0D}.Debug|x64.Build.0 = Debug|Any CPU
		{9D787A56-6EE6-4D1B-9479-8891E71A2C0D}.Debug|x86.ActiveCfg = Debug|Any CPU
		{9D787A56-6EE6-4D1B-9479-8891E71A2C0D}.Debug|x86.Build.0 = Debug|Any CPU
		{9D787A56-6EE6-4D1B-9479-8891E71A2C0D}.Release|Any CPU.ActiveCfg = Release|Any CPU
		{9D787A56-6EE6-4D1B-9479-8891E71A2C0D}.Release|Any CPU.Build.0 = Release|Any CPU
		{9D787A56-6EE6-4D1B-9479-8891E71A2C0D}.Release|x64.ActiveCfg = Release|Any CPU
		{9D787A56-6EE6-4D1B-9479-8891E71A2C0D}.Release|x64.Build.0 = Release|Any CPU
		{9D787A56-6EE6-4D1B-9479-8891E71A2C0D}.Release|x86.ActiveCfg = Release|Any CPU
		{9D787A56-6EE6-4D1B-9479-8891E71A2C0D}.Release|x86.Build.0 = Release|Any CPU
		{05819106-DCC7-4F32-92D6-C5912D27E04A}.Debug|Any CPU.ActiveCfg = Debug|Any CPU
		{05819106-DCC7-4F32-92D6-C5912D27E04A}.Debug|Any CPU.Build.0 = Debug|Any CPU
		{05819106-DCC7-4F32-92D6-C5912D27E04A}.Debug|x64.ActiveCfg = Debug|Any CPU
		{05819106-DCC7-4F32-92D6-C5912D27E04A}.Debug|x64.Build.0 = Debug|Any CPU
		{05819106-DCC7-4F32-92D6-C5912D27E04A}.Debug|x86.ActiveCfg = Debug|Any CPU
		{05819106-DCC7-4F32-92D6-C5912D27E04A}.Debug|x86.Build.0 = Debug|Any CPU
		{05819106-DCC7-4F32-92D6-C5912D27E04A}.Release|Any CPU.ActiveCfg = Release|Any CPU
		{05819106-DCC7-4F32-92D6-C5912D27E04A}.Release|Any CPU.Build.0 = Release|Any CPU
		{05819106-DCC7-4F32-92D6-C5912D27E04A}.Release|x64.ActiveCfg = Release|Any CPU
		{05819106-DCC7-4F32-92D6-C5912D27E04A}.Release|x64.Build.0 = Release|Any CPU
		{05819106-DCC7-4F32-92D6-C5912D27E04A}.Release|x86.ActiveCfg = Release|Any CPU
		{05819106-DCC7-4F32-92D6-C5912D27E04A}.Release|x86.Build.0 = Release|Any CPU
		{EF614E4F-C358-4B40-A30E-524970412B76}.Debug|Any CPU.ActiveCfg = Debug|Any CPU
		{EF614E4F-C358-4B40-A30E-524970412B76}.Debug|Any CPU.Build.0 = Debug|Any CPU
		{EF614E4F-C358-4B40-A30E-524970412B76}.Debug|x64.ActiveCfg = Debug|Any CPU
		{EF614E4F-C358-4B40-A30E-524970412B76}.Debug|x64.Build.0 = Debug|Any CPU
		{EF614E4F-C358-4B40-A30E-524970412B76}.Debug|x86.ActiveCfg = Debug|Any CPU
		{EF614E4F-C358-4B40-A30E-524970412B76}.Debug|x86.Build.0 = Debug|Any CPU
		{EF614E4F-C358-4B40-A30E-524970412B76}.Release|Any CPU.ActiveCfg = Release|Any CPU
		{EF614E4F-C358-4B40-A30E-524970412B76}.Release|Any CPU.Build.0 = Release|Any CPU
		{EF614E4F-C358-4B40-A30E-524970412B76}.Release|x64.ActiveCfg = Release|Any CPU
		{EF614E4F-C358-4B40-A30E-524970412B76}.Release|x64.Build.0 = Release|Any CPU
		{EF614E4F-C358-4B40-A30E-524970412B76}.Release|x86.ActiveCfg = Release|Any CPU
		{EF614E4F-C358-4B40-A30E-524970412B76}.Release|x86.Build.0 = Release|Any CPU
		{7618FEF7-6649-4FA0-B2F4-61B04C16A5DA}.Debug|Any CPU.ActiveCfg = Debug|Any CPU
		{7618FEF7-6649-4FA0-B2F4-61B04C16A5DA}.Debug|Any CPU.Build.0 = Debug|Any CPU
		{7618FEF7-6649-4FA0-B2F4-61B04C16A5DA}.Debug|x64.ActiveCfg = Debug|Any CPU
		{7618FEF7-6649-4FA0-B2F4-61B04C16A5DA}.Debug|x64.Build.0 = Debug|Any CPU
		{7618FEF7-6649-4FA0-B2F4-61B04C16A5DA}.Debug|x86.ActiveCfg = Debug|Any CPU
		{7618FEF7-6649-4FA0-B2F4-61B04C16A5DA}.Debug|x86.Build.0 = Debug|Any CPU
		{7618FEF7-6649-4FA0-B2F4-61B04C16A5DA}.Release|Any CPU.ActiveCfg = Release|Any CPU
		{7618FEF7-6649-4FA0-B2F4-61B04C16A5DA}.Release|Any CPU.Build.0 = Release|Any CPU
		{7618FEF7-6649-4FA0-B2F4-61B04C16A5DA}.Release|x64.ActiveCfg = Release|Any CPU
		{7618FEF7-6649-4FA0-B2F4-61B04C16A5DA}.Release|x64.Build.0 = Release|Any CPU
		{7618FEF7-6649-4FA0-B2F4-61B04C16A5DA}.Release|x86.ActiveCfg = Release|Any CPU
		{7618FEF7-6649-4FA0-B2F4-61B04C16A5DA}.Release|x86.Build.0 = Release|Any CPU
		{2E12A619-6C5A-4787-8ED3-046D445743FD}.Debug|Any CPU.ActiveCfg = Debug|Any CPU
		{2E12A619-6C5A-4787-8ED3-046D445743FD}.Debug|Any CPU.Build.0 = Debug|Any CPU
		{2E12A619-6C5A-4787-8ED3-046D445743FD}.Debug|x64.ActiveCfg = Debug|Any CPU
		{2E12A619-6C5A-4787-8ED3-046D445743FD}.Debug|x64.Build.0 = Debug|Any CPU
		{2E12A619-6C5A-4787-8ED3-046D445743FD}.Debug|x86.ActiveCfg = Debug|Any CPU
		{2E12A619-6C5A-4787-8ED3-046D445743FD}.Debug|x86.Build.0 = Debug|Any CPU
		{2E12A619-6C5A-4787-8ED3-046D445743FD}.Release|Any CPU.ActiveCfg = Release|Any CPU
		{2E12A619-6C5A-4787-8ED3-046D445743FD}.Release|Any CPU.Build.0 = Release|Any CPU
		{2E12A619-6C5A-4787-8ED3-046D445743FD}.Release|x64.ActiveCfg = Release|Any CPU
		{2E12A619-6C5A-4787-8ED3-046D445743FD}.Release|x64.Build.0 = Release|Any CPU
		{2E12A619-6C5A-4787-8ED3-046D445743FD}.Release|x86.ActiveCfg = Release|Any CPU
		{2E12A619-6C5A-4787-8ED3-046D445743FD}.Release|x86.Build.0 = Release|Any CPU
		{B4511634-8007-46C0-BBFD-16AA079972F3}.Debug|Any CPU.ActiveCfg = Debug|Any CPU
		{B4511634-8007-46C0-BBFD-16AA079972F3}.Debug|Any CPU.Build.0 = Debug|Any CPU
		{B4511634-8007-46C0-BBFD-16AA079972F3}.Debug|x64.ActiveCfg = Debug|Any CPU
		{B4511634-8007-46C0-BBFD-16AA079972F3}.Debug|x64.Build.0 = Debug|Any CPU
		{B4511634-8007-46C0-BBFD-16AA079972F3}.Debug|x86.ActiveCfg = Debug|Any CPU
		{B4511634-8007-46C0-BBFD-16AA079972F3}.Debug|x86.Build.0 = Debug|Any CPU
		{B4511634-8007-46C0-BBFD-16AA079972F3}.Release|Any CPU.ActiveCfg = Release|Any CPU
		{B4511634-8007-46C0-BBFD-16AA079972F3}.Release|Any CPU.Build.0 = Release|Any CPU
		{B4511634-8007-46C0-BBFD-16AA079972F3}.Release|x64.ActiveCfg = Release|Any CPU
		{B4511634-8007-46C0-BBFD-16AA079972F3}.Release|x64.Build.0 = Release|Any CPU
		{B4511634-8007-46C0-BBFD-16AA079972F3}.Release|x86.ActiveCfg = Release|Any CPU
		{B4511634-8007-46C0-BBFD-16AA079972F3}.Release|x86.Build.0 = Release|Any CPU
		{7326643B-4BD4-499A-83AD-A725F0BA3EB0}.Debug|Any CPU.ActiveCfg = Debug|Any CPU
		{7326643B-4BD4-499A-83AD-A725F0BA3EB0}.Debug|Any CPU.Build.0 = Debug|Any CPU
		{7326643B-4BD4-499A-83AD-A725F0BA3EB0}.Debug|x64.ActiveCfg = Debug|Any CPU
		{7326643B-4BD4-499A-83AD-A725F0BA3EB0}.Debug|x64.Build.0 = Debug|Any CPU
		{7326643B-4BD4-499A-83AD-A725F0BA3EB0}.Debug|x86.ActiveCfg = Debug|Any CPU
		{7326643B-4BD4-499A-83AD-A725F0BA3EB0}.Debug|x86.Build.0 = Debug|Any CPU
		{7326643B-4BD4-499A-83AD-A725F0BA3EB0}.Release|Any CPU.ActiveCfg = Release|Any CPU
		{7326643B-4BD4-499A-83AD-A725F0BA3EB0}.Release|Any CPU.Build.0 = Release|Any CPU
		{7326643B-4BD4-499A-83AD-A725F0BA3EB0}.Release|x64.ActiveCfg = Release|Any CPU
		{7326643B-4BD4-499A-83AD-A725F0BA3EB0}.Release|x64.Build.0 = Release|Any CPU
		{7326643B-4BD4-499A-83AD-A725F0BA3EB0}.Release|x86.ActiveCfg = Release|Any CPU
		{7326643B-4BD4-499A-83AD-A725F0BA3EB0}.Release|x86.Build.0 = Release|Any CPU
		{5B1FAD42-0DD0-4B11-9E47-28CE9FA89C6F}.Debug|Any CPU.ActiveCfg = Debug|Any CPU
		{5B1FAD42-0DD0-4B11-9E47-28CE9FA89C6F}.Debug|Any CPU.Build.0 = Debug|Any CPU
		{5B1FAD42-0DD0-4B11-9E47-28CE9FA89C6F}.Debug|x64.ActiveCfg = Debug|Any CPU
		{5B1FAD42-0DD0-4B11-9E47-28CE9FA89C6F}.Debug|x64.Build.0 = Debug|Any CPU
		{5B1FAD42-0DD0-4B11-9E47-28CE9FA89C6F}.Debug|x86.ActiveCfg = Debug|Any CPU
		{5B1FAD42-0DD0-4B11-9E47-28CE9FA89C6F}.Debug|x86.Build.0 = Debug|Any CPU
		{5B1FAD42-0DD0-4B11-9E47-28CE9FA89C6F}.Release|Any CPU.ActiveCfg = Release|Any CPU
		{5B1FAD42-0DD0-4B11-9E47-28CE9FA89C6F}.Release|Any CPU.Build.0 = Release|Any CPU
		{5B1FAD42-0DD0-4B11-9E47-28CE9FA89C6F}.Release|x64.ActiveCfg = Release|Any CPU
		{5B1FAD42-0DD0-4B11-9E47-28CE9FA89C6F}.Release|x64.Build.0 = Release|Any CPU
		{5B1FAD42-0DD0-4B11-9E47-28CE9FA89C6F}.Release|x86.ActiveCfg = Release|Any CPU
		{5B1FAD42-0DD0-4B11-9E47-28CE9FA89C6F}.Release|x86.Build.0 = Release|Any CPU
		{17364776-6A89-42B7-A9A7-A64CA873B271}.Debug|Any CPU.ActiveCfg = Debug|Any CPU
		{17364776-6A89-42B7-A9A7-A64CA873B271}.Debug|Any CPU.Build.0 = Debug|Any CPU
		{17364776-6A89-42B7-A9A7-A64CA873B271}.Debug|x64.ActiveCfg = Debug|Any CPU
		{17364776-6A89-42B7-A9A7-A64CA873B271}.Debug|x64.Build.0 = Debug|Any CPU
		{17364776-6A89-42B7-A9A7-A64CA873B271}.Debug|x86.ActiveCfg = Debug|Any CPU
		{17364776-6A89-42B7-A9A7-A64CA873B271}.Debug|x86.Build.0 = Debug|Any CPU
		{17364776-6A89-42B7-A9A7-A64CA873B271}.Release|Any CPU.ActiveCfg = Release|Any CPU
		{17364776-6A89-42B7-A9A7-A64CA873B271}.Release|Any CPU.Build.0 = Release|Any CPU
		{17364776-6A89-42B7-A9A7-A64CA873B271}.Release|x64.ActiveCfg = Release|Any CPU
		{17364776-6A89-42B7-A9A7-A64CA873B271}.Release|x64.Build.0 = Release|Any CPU
		{17364776-6A89-42B7-A9A7-A64CA873B271}.Release|x86.ActiveCfg = Release|Any CPU
		{17364776-6A89-42B7-A9A7-A64CA873B271}.Release|x86.Build.0 = Release|Any CPU
		{ACE17DF5-4DE1-4B88-953C-E0CBF6655495}.Debug|Any CPU.ActiveCfg = Debug|Any CPU
		{ACE17DF5-4DE1-4B88-953C-E0CBF6655495}.Debug|Any CPU.Build.0 = Debug|Any CPU
		{ACE17DF5-4DE1-4B88-953C-E0CBF6655495}.Debug|x64.ActiveCfg = Debug|Any CPU
		{ACE17DF5-4DE1-4B88-953C-E0CBF6655495}.Debug|x64.Build.0 = Debug|Any CPU
		{ACE17DF5-4DE1-4B88-953C-E0CBF6655495}.Debug|x86.ActiveCfg = Debug|Any CPU
		{ACE17DF5-4DE1-4B88-953C-E0CBF6655495}.Debug|x86.Build.0 = Debug|Any CPU
		{ACE17DF5-4DE1-4B88-953C-E0CBF6655495}.Release|Any CPU.ActiveCfg = Release|Any CPU
		{ACE17DF5-4DE1-4B88-953C-E0CBF6655495}.Release|Any CPU.Build.0 = Release|Any CPU
		{ACE17DF5-4DE1-4B88-953C-E0CBF6655495}.Release|x64.ActiveCfg = Release|Any CPU
		{ACE17DF5-4DE1-4B88-953C-E0CBF6655495}.Release|x64.Build.0 = Release|Any CPU
		{ACE17DF5-4DE1-4B88-953C-E0CBF6655495}.Release|x86.ActiveCfg = Release|Any CPU
		{ACE17DF5-4DE1-4B88-953C-E0CBF6655495}.Release|x86.Build.0 = Release|Any CPU
		{034FCCD6-E782-4137-B087-A6F6FADF629B}.Debug|Any CPU.ActiveCfg = Debug|Any CPU
		{034FCCD6-E782-4137-B087-A6F6FADF629B}.Debug|Any CPU.Build.0 = Debug|Any CPU
		{034FCCD6-E782-4137-B087-A6F6FADF629B}.Debug|x64.ActiveCfg = Debug|Any CPU
		{034FCCD6-E782-4137-B087-A6F6FADF629B}.Debug|x64.Build.0 = Debug|Any CPU
		{034FCCD6-E782-4137-B087-A6F6FADF629B}.Debug|x86.ActiveCfg = Debug|Any CPU
		{034FCCD6-E782-4137-B087-A6F6FADF629B}.Debug|x86.Build.0 = Debug|Any CPU
		{034FCCD6-E782-4137-B087-A6F6FADF629B}.Release|Any CPU.ActiveCfg = Release|Any CPU
		{034FCCD6-E782-4137-B087-A6F6FADF629B}.Release|Any CPU.Build.0 = Release|Any CPU
		{034FCCD6-E782-4137-B087-A6F6FADF629B}.Release|x64.ActiveCfg = Release|Any CPU
		{034FCCD6-E782-4137-B087-A6F6FADF629B}.Release|x64.Build.0 = Release|Any CPU
		{034FCCD6-E782-4137-B087-A6F6FADF629B}.Release|x86.ActiveCfg = Release|Any CPU
		{034FCCD6-E782-4137-B087-A6F6FADF629B}.Release|x86.Build.0 = Release|Any CPU
		{A051F9A5-22F5-401D-841C-3CFEB07CDE50}.Debug|Any CPU.ActiveCfg = Debug|Any CPU
		{A051F9A5-22F5-401D-841C-3CFEB07CDE50}.Debug|Any CPU.Build.0 = Debug|Any CPU
		{A051F9A5-22F5-401D-841C-3CFEB07CDE50}.Debug|x64.ActiveCfg = Debug|Any CPU
		{A051F9A5-22F5-401D-841C-3CFEB07CDE50}.Debug|x64.Build.0 = Debug|Any CPU
		{A051F9A5-22F5-401D-841C-3CFEB07CDE50}.Debug|x86.ActiveCfg = Debug|Any CPU
		{A051F9A5-22F5-401D-841C-3CFEB07CDE50}.Debug|x86.Build.0 = Debug|Any CPU
		{A051F9A5-22F5-401D-841C-3CFEB07CDE50}.Release|Any CPU.ActiveCfg = Release|Any CPU
		{A051F9A5-22F5-401D-841C-3CFEB07CDE50}.Release|Any CPU.Build.0 = Release|Any CPU
		{A051F9A5-22F5-401D-841C-3CFEB07CDE50}.Release|x64.ActiveCfg = Release|Any CPU
		{A051F9A5-22F5-401D-841C-3CFEB07CDE50}.Release|x64.Build.0 = Release|Any CPU
		{A051F9A5-22F5-401D-841C-3CFEB07CDE50}.Release|x86.ActiveCfg = Release|Any CPU
		{A051F9A5-22F5-401D-841C-3CFEB07CDE50}.Release|x86.Build.0 = Release|Any CPU
		{4BD83C52-07E9-4841-9C12-80CDD85B32D6}.Debug|Any CPU.ActiveCfg = Debug|Any CPU
		{4BD83C52-07E9-4841-9C12-80CDD85B32D6}.Debug|Any CPU.Build.0 = Debug|Any CPU
		{4BD83C52-07E9-4841-9C12-80CDD85B32D6}.Debug|x64.ActiveCfg = Debug|Any CPU
		{4BD83C52-07E9-4841-9C12-80CDD85B32D6}.Debug|x64.Build.0 = Debug|Any CPU
		{4BD83C52-07E9-4841-9C12-80CDD85B32D6}.Debug|x86.ActiveCfg = Debug|Any CPU
		{4BD83C52-07E9-4841-9C12-80CDD85B32D6}.Debug|x86.Build.0 = Debug|Any CPU
		{4BD83C52-07E9-4841-9C12-80CDD85B32D6}.Release|Any CPU.ActiveCfg = Release|Any CPU
		{4BD83C52-07E9-4841-9C12-80CDD85B32D6}.Release|Any CPU.Build.0 = Release|Any CPU
		{4BD83C52-07E9-4841-9C12-80CDD85B32D6}.Release|x64.ActiveCfg = Release|Any CPU
		{4BD83C52-07E9-4841-9C12-80CDD85B32D6}.Release|x64.Build.0 = Release|Any CPU
		{4BD83C52-07E9-4841-9C12-80CDD85B32D6}.Release|x86.ActiveCfg = Release|Any CPU
		{4BD83C52-07E9-4841-9C12-80CDD85B32D6}.Release|x86.Build.0 = Release|Any CPU
		{AD81CAF2-E2B5-4DF9-A645-E55147384981}.Debug|Any CPU.ActiveCfg = Debug|Any CPU
		{AD81CAF2-E2B5-4DF9-A645-E55147384981}.Debug|Any CPU.Build.0 = Debug|Any CPU
		{AD81CAF2-E2B5-4DF9-A645-E55147384981}.Debug|x64.ActiveCfg = Debug|Any CPU
		{AD81CAF2-E2B5-4DF9-A645-E55147384981}.Debug|x64.Build.0 = Debug|Any CPU
		{AD81CAF2-E2B5-4DF9-A645-E55147384981}.Debug|x86.ActiveCfg = Debug|Any CPU
		{AD81CAF2-E2B5-4DF9-A645-E55147384981}.Debug|x86.Build.0 = Debug|Any CPU
		{AD81CAF2-E2B5-4DF9-A645-E55147384981}.Release|Any CPU.ActiveCfg = Release|Any CPU
		{AD81CAF2-E2B5-4DF9-A645-E55147384981}.Release|Any CPU.Build.0 = Release|Any CPU
		{AD81CAF2-E2B5-4DF9-A645-E55147384981}.Release|x64.ActiveCfg = Release|Any CPU
		{AD81CAF2-E2B5-4DF9-A645-E55147384981}.Release|x64.Build.0 = Release|Any CPU
		{AD81CAF2-E2B5-4DF9-A645-E55147384981}.Release|x86.ActiveCfg = Release|Any CPU
		{AD81CAF2-E2B5-4DF9-A645-E55147384981}.Release|x86.Build.0 = Release|Any CPU
		{68C4EAA8-3529-4236-8F28-4F9B39BD3C3C}.Debug|Any CPU.ActiveCfg = Debug|Any CPU
		{68C4EAA8-3529-4236-8F28-4F9B39BD3C3C}.Debug|Any CPU.Build.0 = Debug|Any CPU
		{68C4EAA8-3529-4236-8F28-4F9B39BD3C3C}.Debug|x64.ActiveCfg = Debug|Any CPU
		{68C4EAA8-3529-4236-8F28-4F9B39BD3C3C}.Debug|x64.Build.0 = Debug|Any CPU
		{68C4EAA8-3529-4236-8F28-4F9B39BD3C3C}.Debug|x86.ActiveCfg = Debug|Any CPU
		{68C4EAA8-3529-4236-8F28-4F9B39BD3C3C}.Debug|x86.Build.0 = Debug|Any CPU
		{68C4EAA8-3529-4236-8F28-4F9B39BD3C3C}.Release|Any CPU.ActiveCfg = Release|Any CPU
		{68C4EAA8-3529-4236-8F28-4F9B39BD3C3C}.Release|Any CPU.Build.0 = Release|Any CPU
		{68C4EAA8-3529-4236-8F28-4F9B39BD3C3C}.Release|x64.ActiveCfg = Release|Any CPU
		{68C4EAA8-3529-4236-8F28-4F9B39BD3C3C}.Release|x64.Build.0 = Release|Any CPU
		{68C4EAA8-3529-4236-8F28-4F9B39BD3C3C}.Release|x86.ActiveCfg = Release|Any CPU
		{68C4EAA8-3529-4236-8F28-4F9B39BD3C3C}.Release|x86.Build.0 = Release|Any CPU
		{D51607B1-4B65-42C6-BED3-234488422699}.Debug|Any CPU.ActiveCfg = Debug|Any CPU
		{D51607B1-4B65-42C6-BED3-234488422699}.Debug|Any CPU.Build.0 = Debug|Any CPU
		{D51607B1-4B65-42C6-BED3-234488422699}.Debug|x64.ActiveCfg = Debug|Any CPU
		{D51607B1-4B65-42C6-BED3-234488422699}.Debug|x64.Build.0 = Debug|Any CPU
		{D51607B1-4B65-42C6-BED3-234488422699}.Debug|x86.ActiveCfg = Debug|Any CPU
		{D51607B1-4B65-42C6-BED3-234488422699}.Debug|x86.Build.0 = Debug|Any CPU
		{D51607B1-4B65-42C6-BED3-234488422699}.Release|Any CPU.ActiveCfg = Release|Any CPU
		{D51607B1-4B65-42C6-BED3-234488422699}.Release|Any CPU.Build.0 = Release|Any CPU
		{D51607B1-4B65-42C6-BED3-234488422699}.Release|x64.ActiveCfg = Release|Any CPU
		{D51607B1-4B65-42C6-BED3-234488422699}.Release|x64.Build.0 = Release|Any CPU
		{D51607B1-4B65-42C6-BED3-234488422699}.Release|x86.ActiveCfg = Release|Any CPU
		{D51607B1-4B65-42C6-BED3-234488422699}.Release|x86.Build.0 = Release|Any CPU
		{14A9B719-8271-4F7D-9268-ACB44752257C}.Debug|Any CPU.ActiveCfg = Debug|Any CPU
		{14A9B719-8271-4F7D-9268-ACB44752257C}.Debug|Any CPU.Build.0 = Debug|Any CPU
		{14A9B719-8271-4F7D-9268-ACB44752257C}.Debug|x64.ActiveCfg = Debug|Any CPU
		{14A9B719-8271-4F7D-9268-ACB44752257C}.Debug|x64.Build.0 = Debug|Any CPU
		{14A9B719-8271-4F7D-9268-ACB44752257C}.Debug|x86.ActiveCfg = Debug|Any CPU
		{14A9B719-8271-4F7D-9268-ACB44752257C}.Debug|x86.Build.0 = Debug|Any CPU
		{14A9B719-8271-4F7D-9268-ACB44752257C}.Release|Any CPU.ActiveCfg = Release|Any CPU
		{14A9B719-8271-4F7D-9268-ACB44752257C}.Release|Any CPU.Build.0 = Release|Any CPU
		{14A9B719-8271-4F7D-9268-ACB44752257C}.Release|x64.ActiveCfg = Release|Any CPU
		{14A9B719-8271-4F7D-9268-ACB44752257C}.Release|x64.Build.0 = Release|Any CPU
		{14A9B719-8271-4F7D-9268-ACB44752257C}.Release|x86.ActiveCfg = Release|Any CPU
		{14A9B719-8271-4F7D-9268-ACB44752257C}.Release|x86.Build.0 = Release|Any CPU
		{A2F6BABC-C8FE-4A13-8636-2508F12FC92B}.Debug|Any CPU.ActiveCfg = Debug|Any CPU
		{A2F6BABC-C8FE-4A13-8636-2508F12FC92B}.Debug|Any CPU.Build.0 = Debug|Any CPU
		{A2F6BABC-C8FE-4A13-8636-2508F12FC92B}.Debug|x64.ActiveCfg = Debug|Any CPU
		{A2F6BABC-C8FE-4A13-8636-2508F12FC92B}.Debug|x64.Build.0 = Debug|Any CPU
		{A2F6BABC-C8FE-4A13-8636-2508F12FC92B}.Debug|x86.ActiveCfg = Debug|Any CPU
		{A2F6BABC-C8FE-4A13-8636-2508F12FC92B}.Debug|x86.Build.0 = Debug|Any CPU
		{A2F6BABC-C8FE-4A13-8636-2508F12FC92B}.Release|Any CPU.ActiveCfg = Release|Any CPU
		{A2F6BABC-C8FE-4A13-8636-2508F12FC92B}.Release|Any CPU.Build.0 = Release|Any CPU
		{A2F6BABC-C8FE-4A13-8636-2508F12FC92B}.Release|x64.ActiveCfg = Release|Any CPU
		{A2F6BABC-C8FE-4A13-8636-2508F12FC92B}.Release|x64.Build.0 = Release|Any CPU
		{A2F6BABC-C8FE-4A13-8636-2508F12FC92B}.Release|x86.ActiveCfg = Release|Any CPU
		{A2F6BABC-C8FE-4A13-8636-2508F12FC92B}.Release|x86.Build.0 = Release|Any CPU
		{07A9EB58-227C-444C-8160-4DCAD5DF79BD}.Debug|Any CPU.ActiveCfg = Debug|Any CPU
		{07A9EB58-227C-444C-8160-4DCAD5DF79BD}.Debug|Any CPU.Build.0 = Debug|Any CPU
		{07A9EB58-227C-444C-8160-4DCAD5DF79BD}.Debug|x64.ActiveCfg = Debug|Any CPU
		{07A9EB58-227C-444C-8160-4DCAD5DF79BD}.Debug|x64.Build.0 = Debug|Any CPU
		{07A9EB58-227C-444C-8160-4DCAD5DF79BD}.Debug|x86.ActiveCfg = Debug|Any CPU
		{07A9EB58-227C-444C-8160-4DCAD5DF79BD}.Debug|x86.Build.0 = Debug|Any CPU
		{07A9EB58-227C-444C-8160-4DCAD5DF79BD}.Release|Any CPU.ActiveCfg = Release|Any CPU
		{07A9EB58-227C-444C-8160-4DCAD5DF79BD}.Release|Any CPU.Build.0 = Release|Any CPU
		{07A9EB58-227C-444C-8160-4DCAD5DF79BD}.Release|x64.ActiveCfg = Release|Any CPU
		{07A9EB58-227C-444C-8160-4DCAD5DF79BD}.Release|x64.Build.0 = Release|Any CPU
		{07A9EB58-227C-444C-8160-4DCAD5DF79BD}.Release|x86.ActiveCfg = Release|Any CPU
		{07A9EB58-227C-444C-8160-4DCAD5DF79BD}.Release|x86.Build.0 = Release|Any CPU
		{C9FC4691-C205-4A12-8FEE-BF303090FDB2}.Debug|Any CPU.ActiveCfg = Debug|Any CPU
		{C9FC4691-C205-4A12-8FEE-BF303090FDB2}.Debug|Any CPU.Build.0 = Debug|Any CPU
		{C9FC4691-C205-4A12-8FEE-BF303090FDB2}.Debug|x64.ActiveCfg = Debug|Any CPU
		{C9FC4691-C205-4A12-8FEE-BF303090FDB2}.Debug|x64.Build.0 = Debug|Any CPU
		{C9FC4691-C205-4A12-8FEE-BF303090FDB2}.Debug|x86.ActiveCfg = Debug|Any CPU
		{C9FC4691-C205-4A12-8FEE-BF303090FDB2}.Debug|x86.Build.0 = Debug|Any CPU
		{C9FC4691-C205-4A12-8FEE-BF303090FDB2}.Release|Any CPU.ActiveCfg = Release|Any CPU
		{C9FC4691-C205-4A12-8FEE-BF303090FDB2}.Release|Any CPU.Build.0 = Release|Any CPU
		{C9FC4691-C205-4A12-8FEE-BF303090FDB2}.Release|x64.ActiveCfg = Release|Any CPU
		{C9FC4691-C205-4A12-8FEE-BF303090FDB2}.Release|x64.Build.0 = Release|Any CPU
		{C9FC4691-C205-4A12-8FEE-BF303090FDB2}.Release|x86.ActiveCfg = Release|Any CPU
		{C9FC4691-C205-4A12-8FEE-BF303090FDB2}.Release|x86.Build.0 = Release|Any CPU
		{1F2982E6-77A1-42A5-8440-58FFF450B8BF}.Debug|Any CPU.ActiveCfg = Debug|Any CPU
		{1F2982E6-77A1-42A5-8440-58FFF450B8BF}.Debug|Any CPU.Build.0 = Debug|Any CPU
		{1F2982E6-77A1-42A5-8440-58FFF450B8BF}.Debug|x64.ActiveCfg = Debug|Any CPU
		{1F2982E6-77A1-42A5-8440-58FFF450B8BF}.Debug|x64.Build.0 = Debug|Any CPU
		{1F2982E6-77A1-42A5-8440-58FFF450B8BF}.Debug|x86.ActiveCfg = Debug|Any CPU
		{1F2982E6-77A1-42A5-8440-58FFF450B8BF}.Debug|x86.Build.0 = Debug|Any CPU
		{1F2982E6-77A1-42A5-8440-58FFF450B8BF}.Release|Any CPU.ActiveCfg = Release|Any CPU
		{1F2982E6-77A1-42A5-8440-58FFF450B8BF}.Release|Any CPU.Build.0 = Release|Any CPU
		{1F2982E6-77A1-42A5-8440-58FFF450B8BF}.Release|x64.ActiveCfg = Release|Any CPU
		{1F2982E6-77A1-42A5-8440-58FFF450B8BF}.Release|x64.Build.0 = Release|Any CPU
		{1F2982E6-77A1-42A5-8440-58FFF450B8BF}.Release|x86.ActiveCfg = Release|Any CPU
		{1F2982E6-77A1-42A5-8440-58FFF450B8BF}.Release|x86.Build.0 = Release|Any CPU
		{524907DE-5C2F-4F0F-A40B-52EB9A2C1CFC}.Debug|Any CPU.ActiveCfg = Debug|Any CPU
		{524907DE-5C2F-4F0F-A40B-52EB9A2C1CFC}.Debug|Any CPU.Build.0 = Debug|Any CPU
		{524907DE-5C2F-4F0F-A40B-52EB9A2C1CFC}.Debug|x64.ActiveCfg = Debug|Any CPU
		{524907DE-5C2F-4F0F-A40B-52EB9A2C1CFC}.Debug|x64.Build.0 = Debug|Any CPU
		{524907DE-5C2F-4F0F-A40B-52EB9A2C1CFC}.Debug|x86.ActiveCfg = Debug|Any CPU
		{524907DE-5C2F-4F0F-A40B-52EB9A2C1CFC}.Debug|x86.Build.0 = Debug|Any CPU
		{524907DE-5C2F-4F0F-A40B-52EB9A2C1CFC}.Release|Any CPU.ActiveCfg = Release|Any CPU
		{524907DE-5C2F-4F0F-A40B-52EB9A2C1CFC}.Release|Any CPU.Build.0 = Release|Any CPU
		{524907DE-5C2F-4F0F-A40B-52EB9A2C1CFC}.Release|x64.ActiveCfg = Release|Any CPU
		{524907DE-5C2F-4F0F-A40B-52EB9A2C1CFC}.Release|x64.Build.0 = Release|Any CPU
		{524907DE-5C2F-4F0F-A40B-52EB9A2C1CFC}.Release|x86.ActiveCfg = Release|Any CPU
		{524907DE-5C2F-4F0F-A40B-52EB9A2C1CFC}.Release|x86.Build.0 = Release|Any CPU
		{E244D86D-2ACF-4FFB-895F-6FD05C3AB2B6}.Debug|Any CPU.ActiveCfg = Debug|Any CPU
		{E244D86D-2ACF-4FFB-895F-6FD05C3AB2B6}.Debug|Any CPU.Build.0 = Debug|Any CPU
		{E244D86D-2ACF-4FFB-895F-6FD05C3AB2B6}.Debug|x64.ActiveCfg = Debug|Any CPU
		{E244D86D-2ACF-4FFB-895F-6FD05C3AB2B6}.Debug|x64.Build.0 = Debug|Any CPU
		{E244D86D-2ACF-4FFB-895F-6FD05C3AB2B6}.Debug|x86.ActiveCfg = Debug|Any CPU
		{E244D86D-2ACF-4FFB-895F-6FD05C3AB2B6}.Debug|x86.Build.0 = Debug|Any CPU
		{E244D86D-2ACF-4FFB-895F-6FD05C3AB2B6}.Release|Any CPU.ActiveCfg = Release|Any CPU
		{E244D86D-2ACF-4FFB-895F-6FD05C3AB2B6}.Release|Any CPU.Build.0 = Release|Any CPU
		{E244D86D-2ACF-4FFB-895F-6FD05C3AB2B6}.Release|x64.ActiveCfg = Release|Any CPU
		{E244D86D-2ACF-4FFB-895F-6FD05C3AB2B6}.Release|x64.Build.0 = Release|Any CPU
		{E244D86D-2ACF-4FFB-895F-6FD05C3AB2B6}.Release|x86.ActiveCfg = Release|Any CPU
		{E244D86D-2ACF-4FFB-895F-6FD05C3AB2B6}.Release|x86.Build.0 = Release|Any CPU
	EndGlobalSection
	GlobalSection(SolutionProperties) = preSolution
		HideSolutionNode = FALSE
	EndGlobalSection
	GlobalSection(NestedProjects) = preSolution
		{357A7C97-5AE1-023F-1442-0D9F9AF22A31} = {5854FF58-B8C5-05C6-5BF2-ACE42193F22B}
		{5EC2AC4C-ECA9-4BE1-AA0A-E0A6C6C08C7F} = {357A7C97-5AE1-023F-1442-0D9F9AF22A31}
		{79A34B0C-F5F9-671A-3B17-58F32F299050} = {357A7C97-5AE1-023F-1442-0D9F9AF22A31}
		{FDA1C62E-8A34-47CC-878D-C31B709B513E} = {79A34B0C-F5F9-671A-3B17-58F32F299050}
		{ECDAEA50-40E9-42F0-A52E-D70B13E7A9DE} = {357A7C97-5AE1-023F-1442-0D9F9AF22A31}
		{14438C5D-9B12-4166-8C9B-FB545572DA2A} = {357A7C97-5AE1-023F-1442-0D9F9AF22A31}
		{6F0E89C7-297A-4179-9A67-5D1FE39A9476} = {357A7C97-5AE1-023F-1442-0D9F9AF22A31}
		{17759A11-312B-4428-97A6-14052D15670E} = {357A7C97-5AE1-023F-1442-0D9F9AF22A31}
		{73958C2D-130C-48F7-98FB-5187BB02F617} = {357A7C97-5AE1-023F-1442-0D9F9AF22A31}
		{F4940312-B523-49C4-974D-F9B0689F527B} = {73958C2D-130C-48F7-98FB-5187BB02F617}
		{75153897-A810-2B77-3CEF-BCB5E406CBD5} = {357A7C97-5AE1-023F-1442-0D9F9AF22A31}
		{62334CF1-2D2A-483E-82AC-E63113F612A4} = {75153897-A810-2B77-3CEF-BCB5E406CBD5}
		{6068645A-B711-48E7-BA65-DE2F333F2BE5} = {BD78679A-2E46-0E88-477E-F8F01F3AD4BC}
		{F6F1397B-12C6-4065-85CD-F6ED1983EF6C} = {BD78679A-2E46-0E88-477E-F8F01F3AD4BC}
		{32A7DF97-6573-4965-8A62-47E66EA88186} = {BD78679A-2E46-0E88-477E-F8F01F3AD4BC}
		{F965A2F7-99D4-4C91-9D90-2A07D41FA5A9} = {BD78679A-2E46-0E88-477E-F8F01F3AD4BC}
		{9C7311C7-12E9-45DE-99F8-FBE041D9E735} = {BD78679A-2E46-0E88-477E-F8F01F3AD4BC}
		{4C28537F-5A6F-43D6-96E4-2048CCD5CD55} = {BD78679A-2E46-0E88-477E-F8F01F3AD4BC}
		{F2605C8F-9D23-47FB-B346-66675AD96792} = {BD78679A-2E46-0E88-477E-F8F01F3AD4BC}
		{E059B923-81DE-498D-A432-D3D39A24CF6B} = {BD78679A-2E46-0E88-477E-F8F01F3AD4BC}
		{9D787A56-6EE6-4D1B-9479-8891E71A2C0D} = {4F52FD11-658E-A102-6CD3-7D7C16FFA15B}
		{05819106-DCC7-4F32-92D6-C5912D27E04A} = {24133F39-2707-69F9-B8E9-E10A53ECC5E5}
		{EF614E4F-C358-4B40-A30E-524970412B76} = {24133F39-2707-69F9-B8E9-E10A53ECC5E5}
		{7618FEF7-6649-4FA0-B2F4-61B04C16A5DA} = {24133F39-2707-69F9-B8E9-E10A53ECC5E5}
		{2E12A619-6C5A-4787-8ED3-046D445743FD} = {24133F39-2707-69F9-B8E9-E10A53ECC5E5}
		{B4511634-8007-46C0-BBFD-16AA079972F3} = {24133F39-2707-69F9-B8E9-E10A53ECC5E5}
		{7326643B-4BD4-499A-83AD-A725F0BA3EB0} = {24133F39-2707-69F9-B8E9-E10A53ECC5E5}
		{5B1FAD42-0DD0-4B11-9E47-28CE9FA89C6F} = {24133F39-2707-69F9-B8E9-E10A53ECC5E5}
		{17364776-6A89-42B7-A9A7-A64CA873B271} = {24133F39-2707-69F9-B8E9-E10A53ECC5E5}
		{ACE17DF5-4DE1-4B88-953C-E0CBF6655495} = {EA4397C4-3756-E86B-71D8-301E6CD2193E}
		{034FCCD6-E782-4137-B087-A6F6FADF629B} = {EA4397C4-3756-E86B-71D8-301E6CD2193E}
		{A051F9A5-22F5-401D-841C-3CFEB07CDE50} = {EA4397C4-3756-E86B-71D8-301E6CD2193E}
		{4BD83C52-07E9-4841-9C12-80CDD85B32D6} = {EA4397C4-3756-E86B-71D8-301E6CD2193E}
		{AD81CAF2-E2B5-4DF9-A645-E55147384981} = {EA4397C4-3756-E86B-71D8-301E6CD2193E}
		{68C4EAA8-3529-4236-8F28-4F9B39BD3C3C} = {EA4397C4-3756-E86B-71D8-301E6CD2193E}
		{D51607B1-4B65-42C6-BED3-234488422699} = {EA4397C4-3756-E86B-71D8-301E6CD2193E}
		{14A9B719-8271-4F7D-9268-ACB44752257C} = {EA4397C4-3756-E86B-71D8-301E6CD2193E}
		{A2F6BABC-C8FE-4A13-8636-2508F12FC92B} = {AA9EE0C7-4E1A-44BC-243C-C4E356DC2F3C}
		{07A9EB58-227C-444C-8160-4DCAD5DF79BD} = {AA9EE0C7-4E1A-44BC-243C-C4E356DC2F3C}
		{C9FC4691-C205-4A12-8FEE-BF303090FDB2} = {AA9EE0C7-4E1A-44BC-243C-C4E356DC2F3C}
		{1F2982E6-77A1-42A5-8440-58FFF450B8BF} = {AA9EE0C7-4E1A-44BC-243C-C4E356DC2F3C}
		{524907DE-5C2F-4F0F-A40B-52EB9A2C1CFC} = {AA9EE0C7-4E1A-44BC-243C-C4E356DC2F3C}
		{E244D86D-2ACF-4FFB-895F-6FD05C3AB2B6} = {E7BDDBC6-9FD1-D1D7-ACD8-2C4F8E3D2461}
	EndGlobalSection
EndGlobal
